// !$*UTF8*$!
{
	archiveVersion = 1;
	classes = {
	};
	objectVersion = 46;
	objects = {

/* Begin PBXBuildFile section */
		2AD7DFAC1E1E997E002B2DF2 /* AppDelegate.swift in Sources */ = {isa = PBXBuildFile; fileRef = 2AD7DFAB1E1E997E002B2DF2 /* AppDelegate.swift */; };
		2AD7DFAE1E1E997E002B2DF2 /* ViewController.swift in Sources */ = {isa = PBXBuildFile; fileRef = 2AD7DFAD1E1E997E002B2DF2 /* ViewController.swift */; };
		2AD7DFB11E1E997E002B2DF2 /* Main.storyboard in Resources */ = {isa = PBXBuildFile; fileRef = 2AD7DFAF1E1E997E002B2DF2 /* Main.storyboard */; };
		2AD7DFB31E1E997E002B2DF2 /* Assets.xcassets in Resources */ = {isa = PBXBuildFile; fileRef = 2AD7DFB21E1E997E002B2DF2 /* Assets.xcassets */; };
		2AD7DFB61E1E997E002B2DF2 /* LaunchScreen.storyboard in Resources */ = {isa = PBXBuildFile; fileRef = 2AD7DFB41E1E997E002B2DF2 /* LaunchScreen.storyboard */; };
/* End PBXBuildFile section */

/* Begin PBXFileReference section */
		2AD7DFA81E1E997E002B2DF2 /* ClothPressureExample.app */ = {isa = PBXFileReference; explicitFileType = wrapper.application; includeInIndex = 0; path = ClothPressureExample.app; sourceTree = BUILT_PRODUCTS_DIR; };
		2AD7DFAB1E1E997E002B2DF2 /* AppDelegate.swift */ = {isa = PBXFileReference; lastKnownFileType = sourcecode.swift; path = AppDelegate.swift; sourceTree = "<group>"; };
		2AD7DFAD1E1E997E002B2DF2 /* ViewController.swift */ = {isa = PBXFileReference; lastKnownFileType = sourcecode.swift; path = ViewController.swift; sourceTree = "<group>"; };
		2AD7DFB01E1E997E002B2DF2 /* Base */ = {isa = PBXFileReference; lastKnownFileType = file.storyboard; name = Base; path = Base.lproj/Main.storyboard; sourceTree = "<group>"; };
		2AD7DFB21E1E997E002B2DF2 /* Assets.xcassets */ = {isa = PBXFileReference; lastKnownFileType = folder.assetcatalog; path = Assets.xcassets; sourceTree = "<group>"; };
		2AD7DFB51E1E997E002B2DF2 /* Base */ = {isa = PBXFileReference; lastKnownFileType = file.storyboard; name = Base; path = Base.lproj/LaunchScreen.storyboard; sourceTree = "<group>"; };
		2AD7DFB71E1E997E002B2DF2 /* Info.plist */ = {isa = PBXFileReference; lastKnownFileType = text.plist.xml; path = Info.plist; sourceTree = "<group>"; };
/* End PBXFileReference section */

/* Begin PBXFrameworksBuildPhase section */
		2AD7DFA51E1E997E002B2DF2 /* Frameworks */ = {
			isa = PBXFrameworksBuildPhase;
			buildActionMask = 2147483647;
			files = (
			);
			runOnlyForDeploymentPostprocessing = 0;
		};
/* End PBXFrameworksBuildPhase section */

/* Begin PBXGroup section */
		2AD7DF9F1E1E997E002B2DF2 = {
			isa = PBXGroup;
			children = (
				2AD7DFAA1E1E997E002B2DF2 /* ClothPressureExample */,
				2AD7DFA91E1E997E002B2DF2 /* Products */,
			);
			sourceTree = "<group>";
		};
		2AD7DFA91E1E997E002B2DF2 /* Products */ = {
			isa = PBXGroup;
			children = (
				2AD7DFA81E1E997E002B2DF2 /* ClothPressureExample.app */,
			);
			name = Products;
			sourceTree = "<group>";
		};
		2AD7DFAA1E1E997E002B2DF2 /* ClothPressureExample */ = {
			isa = PBXGroup;
			children = (
				2AD7DFAB1E1E997E002B2DF2 /* AppDelegate.swift */,
				2AD7DFAD1E1E997E002B2DF2 /* ViewController.swift */,
				2AD7DFAF1E1E997E002B2DF2 /* Main.storyboard */,
				2AD7DFB21E1E997E002B2DF2 /* Assets.xcassets */,
				2AD7DFB41E1E997E002B2DF2 /* LaunchScreen.storyboard */,
				2AD7DFB71E1E997E002B2DF2 /* Info.plist */,
			);
			path = ClothPressureExample;
			sourceTree = "<group>";
		};
/* End PBXGroup section */

/* Begin PBXNativeTarget section */
		2AD7DFA71E1E997E002B2DF2 /* ClothPressureExample */ = {
			isa = PBXNativeTarget;
			buildConfigurationList = 2AD7DFBA1E1E997E002B2DF2 /* Build configuration list for PBXNativeTarget "ClothPressureExample" */;
			buildPhases = (
				2AD7DFA41E1E997E002B2DF2 /* Sources */,
				2AD7DFA51E1E997E002B2DF2 /* Frameworks */,
				2AD7DFA61E1E997E002B2DF2 /* Resources */,
			);
			buildRules = (
			);
			dependencies = (
			);
			name = ClothPressureExample;
			productName = ClothPressureExample;
			productReference = 2AD7DFA81E1E997E002B2DF2 /* ClothPressureExample.app */;
			productType = "com.apple.product-type.application";
		};
/* End PBXNativeTarget section */

/* Begin PBXProject section */
		2AD7DFA01E1E997E002B2DF2 /* Project object */ = {
			isa = PBXProject;
			attributes = {
				LastSwiftUpdateCheck = 0820;
				LastUpgradeCheck = 0820;
				ORGANIZATIONNAME = "Roland Leth";
				TargetAttributes = {
					2AD7DFA71E1E997E002B2DF2 = {
						CreatedOnToolsVersion = 8.2.1;
						DevelopmentTeam = 78653ABY96;
						ProvisioningStyle = Automatic;
					};
				};
			};
			buildConfigurationList = 2AD7DFA31E1E997E002B2DF2 /* Build configuration list for PBXProject "ClothPressureExample" */;
			compatibilityVersion = "Xcode 3.2";
			developmentRegion = English;
			hasScannedForEncodings = 0;
			knownRegions = (
				en,
				Base,
			);
			mainGroup = 2AD7DF9F1E1E997E002B2DF2;
			productRefGroup = 2AD7DFA91E1E997E002B2DF2 /* Products */;
			projectDirPath = "";
			projectRoot = "";
			targets = (
				2AD7DFA71E1E997E002B2DF2 /* ClothPressureExample */,
			);
		};
/* End PBXProject section */

/* Begin PBXResourcesBuildPhase section */
		2AD7DFA61E1E997E002B2DF2 /* Resources */ = {
			isa = PBXResourcesBuildPhase;
			buildActionMask = 2147483647;
			files = (
				2AD7DFB61E1E997E002B2DF2 /* LaunchScreen.storyboard in Resources */,
				2AD7DFB31E1E997E002B2DF2 /* Assets.xcassets in Resources */,
				2AD7DFB11E1E997E002B2DF2 /* Main.storyboard in Resources */,
			);
			runOnlyForDeploymentPostprocessing = 0;
		};
/* End PBXResourcesBuildPhase section */

/* Begin PBXSourcesBuildPhase section */
		2AD7DFA41E1E997E002B2DF2 /* Sources */ = {
			isa = PBXSourcesBuildPhase;
			buildActionMask = 2147483647;
			files = (
				2AD7DFAE1E1E997E002B2DF2 /* ViewController.swift in Sources */,
				2AD7DFAC1E1E997E002B2DF2 /* AppDelegate.swift in Sources */,
			);
			runOnlyForDeploymentPostprocessing = 0;
		};
/* End PBXSourcesBuildPhase section */

/* Begin PBXVariantGroup section */
		2AD7DFAF1E1E997E002B2DF2 /* Main.storyboard */ = {
			isa = PBXVariantGroup;
			children = (
				2AD7DFB01E1E997E002B2DF2 /* Base */,
			);
			name = Main.storyboard;
			sourceTree = "<group>";
		};
		2AD7DFB41E1E997E002B2DF2 /* LaunchScreen.storyboard */ = {
			isa = PBXVariantGroup;
			children = (
				2AD7DFB51E1E997E002B2DF2 /* Base */,
			);
			name = LaunchScreen.storyboard;
			sourceTree = "<group>";
		};
/* End PBXVariantGroup section */

/* Begin XCBuildConfiguration section */
		2AD7DFB81E1E997E002B2DF2 /* Debug */ = {
			isa = XCBuildConfiguration;
			buildSettings = {
				ALWAYS_SEARCH_USER_PATHS = NO;
				CLANG_ANALYZER_NONNULL = YES;
				CLANG_CXX_LANGUAGE_STANDARD = "gnu++0x";
				CLANG_CXX_LIBRARY = "libc++";
				CLANG_ENABLE_MODULES = YES;
				CLANG_ENABLE_OBJC_ARC = YES;
				CLANG_WARN_BOOL_CONVERSION = YES;
				CLANG_WARN_CONSTANT_CONVERSION = YES;
				CLANG_WARN_DIRECT_OBJC_ISA_USAGE = YES_ERROR;
				CLANG_WARN_DOCUMENTATION_COMMENTS = YES;
				CLANG_WARN_EMPTY_BODY = YES;
				CLANG_WARN_ENUM_CONVERSION = YES;
				CLANG_WARN_INFINITE_RECURSION = YES;
				CLANG_WARN_INT_CONVERSION = YES;
				CLANG_WARN_OBJC_ROOT_CLASS = YES_ERROR;
				CLANG_WARN_SUSPICIOUS_MOVE = YES;
				CLANG_WARN_UNREACHABLE_CODE = YES;
				CLANG_WARN__DUPLICATE_METHOD_MATCH = YES;
				"CODE_SIGN_IDENTITY[sdk=iphoneos*]" = "iPhone Developer";
				COPY_PHASE_STRIP = NO;
				DEBUG_INFORMATION_FORMAT = dwarf;
				ENABLE_STRICT_OBJC_MSGSEND = YES;
				ENABLE_TESTABILITY = YES;
				GCC_C_LANGUAGE_STANDARD = gnu99;
				GCC_DYNAMIC_NO_PIC = NO;
				GCC_NO_COMMON_BLOCKS = YES;
				GCC_OPTIMIZATION_LEVEL = 0;
				GCC_PREPROCESSOR_DEFINITIONS = (
					"DEBUG=1",
					"$(inherited)",
				);
				GCC_WARN_64_TO_32_BIT_CONVERSION = YES;
				GCC_WARN_ABOUT_RETURN_TYPE = YES_ERROR;
				GCC_WARN_UNDECLARED_SELECTOR = YES;
				GCC_WARN_UNINITIALIZED_AUTOS = YES_AGGRESSIVE;
				GCC_WARN_UNUSED_FUNCTION = YES;
				GCC_WARN_UNUSED_VARIABLE = YES;
				IPHONEOS_DEPLOYMENT_TARGET = 10.2;
				MTL_ENABLE_DEBUG_INFO = YES;
				ONLY_ACTIVE_ARCH = YES;
				SDKROOT = iphoneos;
				SWIFT_ACTIVE_COMPILATION_CONDITIONS = DEBUG;
				SWIFT_OPTIMIZATION_LEVEL = "-Onone";
				TARGETED_DEVICE_FAMILY = "1,2";
			};
			name = Debug;
		};
		2AD7DFB91E1E997E002B2DF2 /* Release */ = {
			isa = XCBuildConfiguration;
			buildSettings = {
				ALWAYS_SEARCH_USER_PATHS = NO;
				CLANG_ANALYZER_NONNULL = YES;
				CLANG_CXX_LANGUAGE_STANDARD = "gnu++0x";
				CLANG_CXX_LIBRARY = "libc++";
				CLANG_ENABLE_MODULES = YES;
				CLANG_ENABLE_OBJC_ARC = YES;
				CLANG_WARN_BOOL_CONVERSION = YES;
				CLANG_WARN_CONSTANT_CONVERSION = YES;
				CLANG_WARN_DIRECT_OBJC_ISA_USAGE = YES_ERROR;
				CLANG_WARN_DOCUMENTATION_COMMENTS = YES;
				CLANG_WARN_EMPTY_BODY = YES;
				CLANG_WARN_ENUM_CONVERSION = YES;
				CLANG_WARN_INFINITE_RECURSION = YES;
				CLANG_WARN_INT_CONVERSION = YES;
				CLANG_WARN_OBJC_ROOT_CLASS = YES_ERROR;
				CLANG_WARN_SUSPICIOUS_MOVE = YES;
				CLANG_WARN_UNREACHABLE_CODE = YES;
				CLANG_WARN__DUPLICATE_METHOD_MATCH = YES;
				"CODE_SIGN_IDENTITY[sdk=iphoneos*]" = "iPhone Developer";
				COPY_PHASE_STRIP = NO;
				DEBUG_INFORMATION_FORMAT = "dwarf-with-dsym";
				ENABLE_NS_ASSERTIONS = NO;
				ENABLE_STRICT_OBJC_MSGSEND = YES;
				GCC_C_LANGUAGE_STANDARD = gnu99;
				GCC_NO_COMMON_BLOCKS = YES;
				GCC_WARN_64_TO_32_BIT_CONVERSION = YES;
				GCC_WARN_ABOUT_RETURN_TYPE = YES_ERROR;
				GCC_WARN_UNDECLARED_SELECTOR = YES;
				GCC_WARN_UNINITIALIZED_AUTOS = YES_AGGRESSIVE;
				GCC_WARN_UNUSED_FUNCTION = YES;
				GCC_WARN_UNUSED_VARIABLE = YES;
				IPHONEOS_DEPLOYMENT_TARGET = 10.2;
				MTL_ENABLE_DEBUG_INFO = NO;
				SDKROOT = iphoneos;
				SWIFT_OPTIMIZATION_LEVEL = "-Owholemodule";
				TARGETED_DEVICE_FAMILY = "1,2";
				VALIDATE_PRODUCT = YES;
			};
			name = Release;
		};
		2AD7DFBB1E1E997E002B2DF2 /* Debug */ = {
			isa = XCBuildConfiguration;
			buildSettings = {
				ASSETCATALOG_COMPILER_APPICON_NAME = AppIcon;
				DEVELOPMENT_TEAM = 78653ABY96;
				INFOPLIST_FILE = ClothPressureExample/Info.plist;
				LD_RUNPATH_SEARCH_PATHS = "$(inherited) @executable_path/Frameworks";
				PRODUCT_BUNDLE_IDENTIFIER = com.rolandleth.ClothPressureExample;
				PRODUCT_NAME = "$(TARGET_NAME)";
				SWIFT_VERSION = 3.0;
			};
			name = Debug;
		};
		2AD7DFBC1E1E997E002B2DF2 /* Release */ = {
			isa = XCBuildConfiguration;
			buildSettings = {
				ASSETCATALOG_COMPILER_APPICON_NAME = AppIcon;
				DEVELOPMENT_TEAM = 78653ABY96;
				INFOPLIST_FILE = ClothPressureExample/Info.plist;
				LD_RUNPATH_SEARCH_PATHS = "$(inherited) @executable_path/Frameworks";
				PRODUCT_BUNDLE_IDENTIFIER = com.rolandleth.ClothPressureExample;
				PRODUCT_NAME = "$(TARGET_NAME)";
				SWIFT_VERSION = 3.0;
			};
			name = Release;
		};
/* End XCBuildConfiguration section */

/* Begin XCConfigurationList section */
		2AD7DFA31E1E997E002B2DF2 /* Build configuration list for PBXProject "ClothPressureExample" */ = {
			isa = XCConfigurationList;
			buildConfigurations = (
				2AD7DFB81E1E997E002B2DF2 /* Debug */,
				2AD7DFB91E1E997E002B2DF2 /* Release */,
			);
			defaultConfigurationIsVisible = 0;
			defaultConfigurationName = Release;
		};
		2AD7DFBA1E1E997E002B2DF2 /* Build configuration list for PBXNativeTarget "ClothPressureExample" */ = {
			isa = XCConfigurationList;
			buildConfigurations = (
				2AD7DFBB1E1E997E002B2DF2 /* Debug */,
				2AD7DFBC1E1E997E002B2DF2 /* Release */,
			);
			defaultConfigurationIsVisible = 0;
		};
/* End XCConfigurationList section */
	};
	rootObject = 2AD7DFA01E1E997E002B2DF2 /* Project object */;
}
